
Microsoft Visual Studio Solution File, Format Version 12.00
# Visual Studio Version 17
VisualStudioVersion = 17.11.35312.102
MinimumVisualStudioVersion = 10.0.40219.1
Project("{9A19103F-16F7-4668-BE54-9A1E7A4F7556}") = "ConsoleApp", "ConsoleApp\ConsoleApp.csproj", "{8DBFD542-E581-4D33-AF57-679E8E1A1838}"
EndProject
Project("{9A19103F-16F7-4668-BE54-9A1E7A4F7556}") = "ConsoleApp1", "ConsoleApp1\ConsoleApp1.csproj", "{777EBC94-63B2-45E5-AA10-9621745833E5}"
EndProject
Project("{FAE04EC0-301F-11D3-BF4B-00C04F79EFBC}") = "Lab2", "Lab2\Lab2.csproj", "{CBF940A2-83F3-467E-8A26-5A9D6BEF7F59}"
EndProject
Global
	GlobalSection(SolutionConfigurationPlatforms) = preSolution
		Debug|Any CPU = Debug|Any CPU
		Release|Any CPU = Release|Any CPU
	EndGlobalSection
	GlobalSection(ProjectConfigurationPlatforms) = postSolution
		{8DBFD542-E581-4D33-AF57-679E8E1A1838}.Debug|Any CPU.ActiveCfg = Debug|Any CPU
		{8DBFD542-E581-4D33-AF57-679E8E1A1838}.Debug|Any CPU.Build.0 = Debug|Any CPU
		{8DBFD542-E581-4D33-AF57-679E8E1A1838}.Release|Any CPU.ActiveCfg = Release|Any CPU
		{8DBFD542-E581-4D33-AF57-679E8E1A1838}.Release|Any CPU.Build.0 = Release|Any CPU
		{777EBC94-63B2-45E5-AA10-9621745833E5}.Debug|Any CPU.ActiveCfg = Debug|Any CPU
		{777EBC94-63B2-45E5-AA10-9621745833E5}.Debug|Any CPU.Build.0 = Debug|Any CPU
		{777EBC94-63B2-45E5-AA10-9621745833E5}.Release|Any CPU.ActiveCfg = Release|Any CPU
		{777EBC94-63B2-45E5-AA10-9621745833E5}.Release|Any CPU.Build.0 = Release|Any CPU
		{CBF940A2-83F3-467E-8A26-5A9D6BEF7F59}.Debug|Any CPU.ActiveCfg = Debug|Any CPU
		{CBF940A2-83F3-467E-8A26-5A9D6BEF7F59}.Debug|Any CPU.Build.0 = Debug|Any CPU
		{CBF940A2-83F3-467E-8A26-5A9D6BEF7F59}.Release|Any CPU.ActiveCfg = Release|Any CPU
		{CBF940A2-83F3-467E-8A26-5A9D6BEF7F59}.Release|Any CPU.Build.0 = Release|Any CPU
	EndGlobalSection
	GlobalSection(SolutionProperties) = preSolution
		HideSolutionNode = FALSE
	EndGlobalSection
	GlobalSection(ExtensibilityGlobals) = postSolution
		SolutionGuid = {57589004-9824-4395-8E37-019CBA531F35}
	EndGlobalSection
EndGlobal
